Lr! D�CDD�R3�91!4�!!H,@�D@�-���yhrG���������y�]�����q�v�[ޮȨ�m���(�����i���z����j��(����Y����uث���jww����v*�zxZ�ǝ�m���ۆ�ۍխ�ӝ�o���^q��ߎk�4uםz��u�܉�jY~��k&��M`������z��M���^�&�~�-j�t����*'�]�z�%��a��l��ނ+-�,��zd��&�zzX���,�����֭�]v����Z��8�f����Ɵ�}w�w5�ޟk�Zsn�jkޮ�!��ޟ�-����>�������7����*'�}+z�%��a��l��ނ+-�,��zd��&�Ʀ���r�������jo������i�^��춷���h���z��nW��}-�7�u�<w��s�k��i��i�4ߏ8ۇ�wN���^���zw"zƧ�����i�^�}m���{ޮȨ�]8��(�����i���z����j��(���i�����o�t��3���w�6sN��G]�����q�6徶k��}�i��z�oz�"�}uַ��[�vm�����"���ɪ�H�o�m�޿��i��z���[`����<��uѷ������4徽��w}{����z�l�~qǩ��w����*'�~kz�%��a��l��ނ+-�,��zd��&��z�l���qǩ�ϵߛ`����_�Mu�m�ݽx{ƻ��<ӗ<{λ���שzw^�Ȟ�h�{�r��6�_'z
-��h�N�i�+��r���s覦���M/z�"�}�ڷ��[�vm�����"���ɪ�H�o�r���ܧjh��)���������w)ښ'>�jh�߶�k`���ٷv�F����M[�Μo���������שzw^�Ȟ��(�~4ݧ(����ږ������*'�]+z�%��a��l��ނ+-�,��zd��&��(����ږ����(����ږϷ�K`��|۽�W�o�}�4����G���:���}[}שzw^�Ȟ��(�~4�(��������*'�Mkz�%��a�������k�zf��+����������������~�Mm�6�u�x�����}�7���}����{}�����^���zw"zƜ���ӆ����ӋޮȨ�}���(�����i��ނ+-�)�;(��r�����r���}������}��{�Z���m�����߯^ٶ�m�׶�r���M�r���N/z�"�~4�z޲�oy�m��?�����k�&��� r��i�+���i�+��4�{`�]9��Z{���޽��u��<۝}��Zw���~���(�~tѧ(�~y����*'��z�%��a��l��ނ+-�,��zd��&��(����(���{`Ϯ�km�m�<�o{�9�~Z������m�;y����]��,�M�u�޲�t����*'�M�z�%��a��l��ނ+-�,��zd��&��]��,���u�޲ϵ�{`;_�N����ǜ�v��z�޷i����:q�����G�ݳm4j;��찢�l�]/z�"�}�ַ��[�vm�����"���ɪ�H�oڎ��{,(��?������
+v϶�[`ϭ{���s��Ӟ����~_���_^�~[�N�٨��M��u���mڎ�w����*'睫z�%��a��l��ނ+-�,��zd��&�����ڎ���k`Ͻ���kw�o�w{ww�6ٽ�էx�m9u�z�שzw^�Ȟ��8�Gڲߝy�~z���]4}�-�;(��-i�^��k�x"-��;(������ڽ��{M�jX���^��5թb��{t�{ޮȨ�Mx��(�����i���z����j��(����	���m��ږ('�ױ��5��3��}Ѯz�Ow~]ѯ}۞��f�ӯx�w�w]{u�^�קr'��)�����ih���]5��^j߬����^vjZaj{���+�]5jZaj{���+�]6��슉��j޲�oy�m��?�����k�&��� r��jZaj{���+���jZaj{���+��t��3����_z����V��~���_��<�s��{F�j{"��b�}�����*'�M+z�%��a��l��ނ+-�,��zd��&���楊	�����/��('�m4��ߦ�q������o�z~�����^ߞ;��נ�+r�����.���s�U��C��g�Q��